// !$*UTF8*$!
{
	archiveVersion = 1;
	classes = {
	};
	objectVersion = 77;
	objects = {

/* Begin PBXBuildFile section */
		3814D11D2E2B7CA200CCB9B3 /* WikiMapper Extension.appex in Embed Foundation Extensions */ = {isa = PBXBuildFile; fileRef = 3814D11C2E2B7CA200CCB9B3 /* WikiMapper Extension.appex */; settings = {ATTRIBUTES = (RemoveHeadersOnCopy, ); }; };
		3814D1272E2B7CA200CCB9B3 /* WikiMapper Extension.appex in Embed Foundation Extensions */ = {isa = PBXBuildFile; fileRef = 3814D1262E2B7CA200CCB9B3 /* WikiMapper Extension.appex */; settings = {ATTRIBUTES = (RemoveHeadersOnCopy, ); }; };
		3814D1392E2B7CA200CCB9B3 /* SafariWebExtensionHandler.swift in Sources */ = {isa = PBXBuildFile; fileRef = 3814D0F82E2B7CA200CCB9B3 /* SafariWebExtensionHandler.swift */; };
		3814D13A2E2B7CA200CCB9B3 /* SafariWebExtensionHandler.swift in Sources */ = {isa = PBXBuildFile; fileRef = 3814D0F82E2B7CA200CCB9B3 /* SafariWebExtensionHandler.swift */; };
		3814D1572E2B7CA200CCB9B3 /* index.html in Resources */ = {isa = PBXBuildFile; fileRef = 3814D14D2E2B7CA200CCB9B3 /* index.html */; };
		3814D1582E2B7CA200CCB9B3 /* background.js in Resources */ = {isa = PBXBuildFile; fileRef = 3814D14E2E2B7CA200CCB9B3 /* background.js */; };
		3814D1592E2B7CA200CCB9B3 /* assets in Resources */ = {isa = PBXBuildFile; fileRef = 3814D14F2E2B7CA200CCB9B3 /* assets */; };
		3814D15A2E2B7CA200CCB9B3 /* styles in Resources */ = {isa = PBXBuildFile; fileRef = 3814D1502E2B7CA200CCB9B3 /* styles */; };
		3814D15B2E2B7CA200CCB9B3 /* wikimapper.js.LICENSE.txt in Resources */ = {isa = PBXBuildFile; fileRef = 3814D1512E2B7CA200CCB9B3 /* wikimapper.js.LICENSE.txt */; };
		3814D15C2E2B7CA200CCB9B3 /* wikimapper.js in Resources */ = {isa = PBXBuildFile; fileRef = 3814D1522E2B7CA200CCB9B3 /* wikimapper.js */; };
		3814D15D2E2B7CA200CCB9B3 /* manifest.json in Resources */ = {isa = PBXBuildFile; fileRef = 3814D1532E2B7CA200CCB9B3 /* manifest.json */; };
		3814D15E2E2B7CA200CCB9B3 /* fonts in Resources */ = {isa = PBXBuildFile; fileRef = 3814D1552E2B7CA200CCB9B3 /* fonts */; };
		3814D15F2E2B7CA200CCB9B3 /* background.js.LICENSE.txt in Resources */ = {isa = PBXBuildFile; fileRef = 3814D1562E2B7CA200CCB9B3 /* background.js.LICENSE.txt */; };
		3814D1602E2B7CA200CCB9B3 /* index.html in Resources */ = {isa = PBXBuildFile; fileRef = 3814D14D2E2B7CA200CCB9B3 /* index.html */; };
		3814D1612E2B7CA200CCB9B3 /* background.js in Resources */ = {isa = PBXBuildFile; fileRef = 3814D14E2E2B7CA200CCB9B3 /* background.js */; };
		3814D1622E2B7CA200CCB9B3 /* assets in Resources */ = {isa = PBXBuildFile; fileRef = 3814D14F2E2B7CA200CCB9B3 /* assets */; };
		3814D1632E2B7CA200CCB9B3 /* styles in Resources */ = {isa = PBXBuildFile; fileRef = 3814D1502E2B7CA200CCB9B3 /* styles */; };
		3814D1642E2B7CA200CCB9B3 /* wikimapper.js.LICENSE.txt in Resources */ = {isa = PBXBuildFile; fileRef = 3814D1512E2B7CA200CCB9B3 /* wikimapper.js.LICENSE.txt */; };
		3814D1652E2B7CA200CCB9B3 /* wikimapper.js in Resources */ = {isa = PBXBuildFile; fileRef = 3814D1522E2B7CA200CCB9B3 /* wikimapper.js */; };
		3814D1662E2B7CA200CCB9B3 /* manifest.json in Resources */ = {isa = PBXBuildFile; fileRef = 3814D1532E2B7CA200CCB9B3 /* manifest.json */; };
		3814D1672E2B7CA200CCB9B3 /* fonts in Resources */ = {isa = PBXBuildFile; fileRef = 3814D1552E2B7CA200CCB9B3 /* fonts */; };
		3814D1682E2B7CA200CCB9B3 /* background.js.LICENSE.txt in Resources */ = {isa = PBXBuildFile; fileRef = 3814D1562E2B7CA200CCB9B3 /* background.js.LICENSE.txt */; };
		38A463122E2BD45800FD2689 /* content-script.js in Resources */ = {isa = PBXBuildFile; fileRef = 38A463112E2BD45800FD2689 /* content-script.js */; };
		38A463132E2BD45800FD2689 /* content-script.js in Resources */ = {isa = PBXBuildFile; fileRef = 38A463112E2BD45800FD2689 /* content-script.js */; };
/* End PBXBuildFile section */

/* Begin PBXContainerItemProxy section */
		3814D11E2E2B7CA200CCB9B3 /* PBXContainerItemProxy */ = {
			isa = PBXContainerItemProxy;
			containerPortal = 3814D0EA2E2B7CA000CCB9B3 /* Project object */;
			proxyType = 1;
			remoteGlobalIDString = 3814D11B2E2B7CA200CCB9B3;
			remoteInfo = "WikiMapper Extension (iOS)";
		};
		3814D1282E2B7CA200CCB9B3 /* PBXContainerItemProxy */ = {
			isa = PBXContainerItemProxy;
			containerPortal = 3814D0EA2E2B7CA000CCB9B3 /* Project object */;
			proxyType = 1;
			remoteGlobalIDString = 3814D1252E2B7CA200CCB9B3;
			remoteInfo = "WikiMapper Extension (macOS)";
		};
/* End PBXContainerItemProxy section */

/* Begin PBXCopyFilesBuildPhase section */
		3814D1402E2B7CA200CCB9B3 /* Embed Foundation Extensions */ = {
			isa = PBXCopyFilesBuildPhase;
			buildActionMask = 2147483647;
			dstPath = "";
			dstSubfolderSpec = 13;
			files = (
				3814D11D2E2B7CA200CCB9B3 /* WikiMapper Extension.appex in Embed Foundation Extensions */,
			);
			name = "Embed Foundation Extensions";
			runOnlyForDeploymentPostprocessing = 0;
		};
		3814D1472E2B7CA200CCB9B3 /* Embed Foundation Extensions */ = {
			isa = PBXCopyFilesBuildPhase;
			buildActionMask = 2147483647;
			dstPath = "";
			dstSubfolderSpec = 13;
			files = (
				3814D1272E2B7CA200CCB9B3 /* WikiMapper Extension.appex in Embed Foundation Extensions */,
			);
			name = "Embed Foundation Extensions";
			runOnlyForDeploymentPostprocessing = 0;
		};
/* End PBXCopyFilesBuildPhase section */

/* Begin PBXFileReference section */
		3814D0F82E2B7CA200CCB9B3 /* SafariWebExtensionHandler.swift */ = {isa = PBXFileReference; lastKnownFileType = sourcecode.swift; path = SafariWebExtensionHandler.swift; sourceTree = "<group>"; };
		3814D0FD2E2B7CA200CCB9B3 /* WikiMapper.app */ = {isa = PBXFileReference; explicitFileType = wrapper.application; includeInIndex = 0; path = WikiMapper.app; sourceTree = BUILT_PRODUCTS_DIR; };
		3814D10F2E2B7CA200CCB9B3 /* WikiMapper.app */ = {isa = PBXFileReference; explicitFileType = wrapper.application; includeInIndex = 0; path = WikiMapper.app; sourceTree = BUILT_PRODUCTS_DIR; };
		3814D11C2E2B7CA200CCB9B3 /* WikiMapper Extension.appex */ = {isa = PBXFileReference; explicitFileType = "wrapper.app-extension"; includeInIndex = 0; path = "WikiMapper Extension.appex"; sourceTree = BUILT_PRODUCTS_DIR; };
		3814D1262E2B7CA200CCB9B3 /* WikiMapper Extension.appex */ = {isa = PBXFileReference; explicitFileType = "wrapper.app-extension"; includeInIndex = 0; path = "WikiMapper Extension.appex"; sourceTree = BUILT_PRODUCTS_DIR; };
		3814D14C2E2B7CA200CCB9B3 /* wikimapper.js.map */ = {isa = PBXFileReference; lastKnownFileType = "sourcecode.module-map"; path = wikimapper.js.map; sourceTree = "<group>"; };
		3814D14D2E2B7CA200CCB9B3 /* index.html */ = {isa = PBXFileReference; lastKnownFileType = text.html; path = index.html; sourceTree = "<group>"; };
		3814D14E2E2B7CA200CCB9B3 /* background.js */ = {isa = PBXFileReference; lastKnownFileType = sourcecode.javascript; path = background.js; sourceTree = "<group>"; };
		3814D14F2E2B7CA200CCB9B3 /* assets */ = {isa = PBXFileReference; lastKnownFileType = folder; path = assets; sourceTree = "<group>"; };
		3814D1502E2B7CA200CCB9B3 /* styles */ = {isa = PBXFileReference; lastKnownFileType = folder; path = styles; sourceTree = "<group>"; };
		3814D1512E2B7CA200CCB9B3 /* wikimapper.js.LICENSE.txt */ = {isa = PBXFileReference; lastKnownFileType = text; path = wikimapper.js.LICENSE.txt; sourceTree = "<group>"; };
		3814D1522E2B7CA200CCB9B3 /* wikimapper.js */ = {isa = PBXFileReference; lastKnownFileType = sourcecode.javascript; path = wikimapper.js; sourceTree = "<group>"; };
		3814D1532E2B7CA200CCB9B3 /* manifest.json */ = {isa = PBXFileReference; lastKnownFileType = text.json; path = manifest.json; sourceTree = "<group>"; };
		3814D1542E2B7CA200CCB9B3 /* background.js.map */ = {isa = PBXFileReference; lastKnownFileType = "sourcecode.module-map"; path = background.js.map; sourceTree = "<group>"; };
		3814D1552E2B7CA200CCB9B3 /* fonts */ = {isa = PBXFileReference; lastKnownFileType = folder; path = fonts; sourceTree = "<group>"; };
		3814D1562E2B7CA200CCB9B3 /* background.js.LICENSE.txt */ = {isa = PBXFileReference; lastKnownFileType = text; path = background.js.LICENSE.txt; sourceTree = "<group>"; };
		38A463112E2BD45800FD2689 /* content-script.js */ = {isa = PBXFileReference; lastKnownFileType = sourcecode.javascript; path = "content-script.js"; sourceTree = "<group>"; };
/* End PBXFileReference section */

/* Begin PBXFileSystemSynchronizedBuildFileExceptionSet section */
		38A464572E2CB33400FD2689 /* Exceptions for "iOS (App)" folder in "WikiMapper (iOS)" target */ = {
			isa = PBXFileSystemSynchronizedBuildFileExceptionSet;
			membershipExceptions = (
				Info.plist,
			);
			target = 3814D0FC2E2B7CA200CCB9B3 /* WikiMapper (iOS) */;
		};
/* End PBXFileSystemSynchronizedBuildFileExceptionSet section */

/* Begin PBXFileSystemSynchronizedRootGroup section */
		38A4641B2E2C960700FD2689 /* Shared (App) */ = {
			isa = PBXFileSystemSynchronizedRootGroup;
			path = "Shared (App)";
			sourceTree = "<group>";
		};
		38A464512E2CB33400FD2689 /* iOS (App) */ = {
			isa = PBXFileSystemSynchronizedRootGroup;
			exceptions = (
				38A464572E2CB33400FD2689 /* Exceptions for "iOS (App)" folder in "WikiMapper (iOS)" target */,
			);
			path = "iOS (App)";
			sourceTree = "<group>";
		};
		38A4645D2E2CB33800FD2689 /* macOS (App) */ = {
			isa = PBXFileSystemSynchronizedRootGroup;
			path = "macOS (App)";
			sourceTree = "<group>";
		};
		38A464622E2CB34200FD2689 /* iOS (Extension) */ = {
			isa = PBXFileSystemSynchronizedRootGroup;
			path = "iOS (Extension)";
			sourceTree = "<group>";
		};
		38A464652E2CB34400FD2689 /* macOS (Extension) */ = {
			isa = PBXFileSystemSynchronizedRootGroup;
			path = "macOS (Extension)";
			sourceTree = "<group>";
		};
/* End PBXFileSystemSynchronizedRootGroup section */

/* Begin PBXFrameworksBuildPhase section */
		3814D0FA2E2B7CA200CCB9B3 /* Frameworks */ = {
			isa = PBXFrameworksBuildPhase;
			buildActionMask = 2147483647;
			files = (
			);
			runOnlyForDeploymentPostprocessing = 0;
		};
		3814D10C2E2B7CA200CCB9B3 /* Frameworks */ = {
			isa = PBXFrameworksBuildPhase;
			buildActionMask = 2147483647;
			files = (
			);
			runOnlyForDeploymentPostprocessing = 0;
		};
		3814D1192E2B7CA200CCB9B3 /* Frameworks */ = {
			isa = PBXFrameworksBuildPhase;
			buildActionMask = 2147483647;
			files = (
			);
			runOnlyForDeploymentPostprocessing = 0;
		};
		3814D1232E2B7CA200CCB9B3 /* Frameworks */ = {
			isa = PBXFrameworksBuildPhase;
			buildActionMask = 2147483647;
			files = (
			);
			runOnlyForDeploymentPostprocessing = 0;
		};
/* End PBXFrameworksBuildPhase section */

/* Begin PBXGroup section */
		3814D0E92E2B7CA000CCB9B3 = {
			isa = PBXGroup;
			children = (
				38A4641B2E2C960700FD2689 /* Shared (App) */,
				3814D0F72E2B7CA200CCB9B3 /* Shared (Extension) */,
				38A464512E2CB33400FD2689 /* iOS (App) */,
				38A4645D2E2CB33800FD2689 /* macOS (App) */,
				38A464622E2CB34200FD2689 /* iOS (Extension) */,
				38A464652E2CB34400FD2689 /* macOS (Extension) */,
				3814D0FE2E2B7CA200CCB9B3 /* Products */,
			);
			sourceTree = "<group>";
		};
		3814D0F72E2B7CA200CCB9B3 /* Shared (Extension) */ = {
			isa = PBXGroup;
			children = (
				3814D14B2E2B7CA200CCB9B3 /* Resources */,
				3814D0F82E2B7CA200CCB9B3 /* SafariWebExtensionHandler.swift */,
			);
			path = "Shared (Extension)";
			sourceTree = "<group>";
		};
		3814D0FE2E2B7CA200CCB9B3 /* Products */ = {
			isa = PBXGroup;
			children = (
				3814D0FD2E2B7CA200CCB9B3 /* WikiMapper.app */,
				3814D10F2E2B7CA200CCB9B3 /* WikiMapper.app */,
				3814D11C2E2B7CA200CCB9B3 /* WikiMapper Extension.appex */,
				3814D1262E2B7CA200CCB9B3 /* WikiMapper Extension.appex */,
			);
			name = Products;
			sourceTree = "<group>";
		};
		3814D14B2E2B7CA200CCB9B3 /* Resources */ = {
			isa = PBXGroup;
			children = (
				3814D14C2E2B7CA200CCB9B3 /* wikimapper.js.map */,
				3814D14D2E2B7CA200CCB9B3 /* index.html */,
				3814D14E2E2B7CA200CCB9B3 /* background.js */,
				3814D14F2E2B7CA200CCB9B3 /* assets */,
				3814D1502E2B7CA200CCB9B3 /* styles */,
				3814D1512E2B7CA200CCB9B3 /* wikimapper.js.LICENSE.txt */,
				3814D1522E2B7CA200CCB9B3 /* wikimapper.js */,
				38A463112E2BD45800FD2689 /* content-script.js */,
				3814D1532E2B7CA200CCB9B3 /* manifest.json */,
				3814D1542E2B7CA200CCB9B3 /* background.js.map */,
				3814D1552E2B7CA200CCB9B3 /* fonts */,
				3814D1562E2B7CA200CCB9B3 /* background.js.LICENSE.txt */,
			);
			name = Resources;
			path = "Shared (Extension)";
			sourceTree = SOURCE_ROOT;
		};
/* End PBXGroup section */

/* Begin PBXNativeTarget section */
		3814D0FC2E2B7CA200CCB9B3 /* WikiMapper (iOS) */ = {
			isa = PBXNativeTarget;
			buildConfigurationList = 3814D1412E2B7CA200CCB9B3 /* Build configuration list for PBXNativeTarget "WikiMapper (iOS)" */;
			buildPhases = (
				3814D0F92E2B7CA200CCB9B3 /* Sources */,
				3814D0FA2E2B7CA200CCB9B3 /* Frameworks */,
				3814D0FB2E2B7CA200CCB9B3 /* Resources */,
				3814D1402E2B7CA200CCB9B3 /* Embed Foundation Extensions */,
			);
			buildRules = (
			);
			dependencies = (
				3814D11F2E2B7CA200CCB9B3 /* PBXTargetDependency */,
			);
			fileSystemSynchronizedGroups = (
				38A4641B2E2C960700FD2689 /* Shared (App) */,
				38A464512E2CB33400FD2689 /* iOS (App) */,
			);
			name = "WikiMapper (iOS)";
			packageProductDependencies = (
			);
			productName = "WikiMapper (iOS)";
			productReference = 3814D0FD2E2B7CA200CCB9B3 /* WikiMapper.app */;
			productType = "com.apple.product-type.application";
		};
		3814D10E2E2B7CA200CCB9B3 /* WikiMapper (macOS) */ = {
			isa = PBXNativeTarget;
			buildConfigurationList = 3814D1482E2B7CA200CCB9B3 /* Build configuration list for PBXNativeTarget "WikiMapper (macOS)" */;
			buildPhases = (
				3814D10B2E2B7CA200CCB9B3 /* Sources */,
				3814D10C2E2B7CA200CCB9B3 /* Frameworks */,
				3814D10D2E2B7CA200CCB9B3 /* Resources */,
				3814D1472E2B7CA200CCB9B3 /* Embed Foundation Extensions */,
			);
			buildRules = (
			);
			dependencies = (
				3814D1292E2B7CA200CCB9B3 /* PBXTargetDependency */,
			);
			fileSystemSynchronizedGroups = (
				38A4641B2E2C960700FD2689 /* Shared (App) */,
			);
			name = "WikiMapper (macOS)";
			packageProductDependencies = (
			);
			productName = "WikiMapper (macOS)";
			productReference = 3814D10F2E2B7CA200CCB9B3 /* WikiMapper.app */;
			productType = "com.apple.product-type.application";
		};
		3814D11B2E2B7CA200CCB9B3 /* WikiMapper Extension (iOS) */ = {
			isa = PBXNativeTarget;
			buildConfigurationList = 3814D13D2E2B7CA200CCB9B3 /* Build configuration list for PBXNativeTarget "WikiMapper Extension (iOS)" */;
			buildPhases = (
				3814D1182E2B7CA200CCB9B3 /* Sources */,
				3814D1192E2B7CA200CCB9B3 /* Frameworks */,
				3814D11A2E2B7CA200CCB9B3 /* Resources */,
			);
			buildRules = (
			);
			dependencies = (
			);
			name = "WikiMapper Extension (iOS)";
			packageProductDependencies = (
			);
			productName = "WikiMapper Extension (iOS)";
			productReference = 3814D11C2E2B7CA200CCB9B3 /* WikiMapper Extension.appex */;
			productType = "com.apple.product-type.app-extension";
		};
		3814D1252E2B7CA200CCB9B3 /* WikiMapper Extension (macOS) */ = {
			isa = PBXNativeTarget;
			buildConfigurationList = 3814D1442E2B7CA200CCB9B3 /* Build configuration list for PBXNativeTarget "WikiMapper Extension (macOS)" */;
			buildPhases = (
				3814D1222E2B7CA200CCB9B3 /* Sources */,
				3814D1232E2B7CA200CCB9B3 /* Frameworks */,
				3814D1242E2B7CA200CCB9B3 /* Resources */,
			);
			buildRules = (
			);
			dependencies = (
			);
			name = "WikiMapper Extension (macOS)";
			packageProductDependencies = (
			);
			productName = "WikiMapper Extension (macOS)";
			productReference = 3814D1262E2B7CA200CCB9B3 /* WikiMapper Extension.appex */;
			productType = "com.apple.product-type.app-extension";
		};
/* End PBXNativeTarget section */

/* Begin PBXProject section */
		3814D0EA2E2B7CA000CCB9B3 /* Project object */ = {
			isa = PBXProject;
			attributes = {
				BuildIndependentTargetsInParallel = 1;
				LastSwiftUpdateCheck = 1640;
				LastUpgradeCheck = 1640;
				TargetAttributes = {
					3814D0FC2E2B7CA200CCB9B3 = {
						CreatedOnToolsVersion = 16.4;
					};
					3814D10E2E2B7CA200CCB9B3 = {
						CreatedOnToolsVersion = 16.4;
					};
					3814D11B2E2B7CA200CCB9B3 = {
						CreatedOnToolsVersion = 16.4;
					};
					3814D1252E2B7CA200CCB9B3 = {
						CreatedOnToolsVersion = 16.4;
					};
				};
			};
			buildConfigurationList = 3814D0ED2E2B7CA000CCB9B3 /* Build configuration list for PBXProject "WikiMapper" */;
			developmentRegion = en;
			hasScannedForEncodings = 0;
			knownRegions = (
				en,
				Base,
				"zh-Hans",
			);
			mainGroup = 3814D0E92E2B7CA000CCB9B3;
			minimizedProjectReferenceProxies = 1;
			preferredProjectObjectVersion = 77;
			productRefGroup = 3814D0FE2E2B7CA200CCB9B3 /* Products */;
			projectDirPath = "";
			projectRoot = "";
			targets = (
				3814D0FC2E2B7CA200CCB9B3 /* WikiMapper (iOS) */,
				3814D10E2E2B7CA200CCB9B3 /* WikiMapper (macOS) */,
				3814D11B2E2B7CA200CCB9B3 /* WikiMapper Extension (iOS) */,
				3814D1252E2B7CA200CCB9B3 /* WikiMapper Extension (macOS) */,
			);
		};
/* End PBXProject section */

/* Begin PBXResourcesBuildPhase section */
		3814D0FB2E2B7CA200CCB9B3 /* Resources */ = {
			isa = PBXResourcesBuildPhase;
			buildActionMask = 2147483647;
			files = (
			);
			runOnlyForDeploymentPostprocessing = 0;
		};
		3814D10D2E2B7CA200CCB9B3 /* Resources */ = {
			isa = PBXResourcesBuildPhase;
			buildActionMask = 2147483647;
			files = (
			);
			runOnlyForDeploymentPostprocessing = 0;
		};
		3814D11A2E2B7CA200CCB9B3 /* Resources */ = {
			isa = PBXResourcesBuildPhase;
			buildActionMask = 2147483647;
			files = (
				3814D1642E2B7CA200CCB9B3 /* wikimapper.js.LICENSE.txt in Resources */,
				3814D1662E2B7CA200CCB9B3 /* manifest.json in Resources */,
				3814D1612E2B7CA200CCB9B3 /* background.js in Resources */,
				3814D1622E2B7CA200CCB9B3 /* assets in Resources */,
				3814D1632E2B7CA200CCB9B3 /* styles in Resources */,
				38A463122E2BD45800FD2689 /* content-script.js in Resources */,
				3814D1602E2B7CA200CCB9B3 /* index.html in Resources */,
				3814D1652E2B7CA200CCB9B3 /* wikimapper.js in Resources */,
				3814D1682E2B7CA200CCB9B3 /* background.js.LICENSE.txt in Resources */,
				3814D1672E2B7CA200CCB9B3 /* fonts in Resources */,
			);
			runOnlyForDeploymentPostprocessing = 0;
		};
		3814D1242E2B7CA200CCB9B3 /* Resources */ = {
			isa = PBXResourcesBuildPhase;
			buildActionMask = 2147483647;
			files = (
				3814D15B2E2B7CA200CCB9B3 /* wikimapper.js.LICENSE.txt in Resources */,
				3814D15D2E2B7CA200CCB9B3 /* manifest.json in Resources */,
				3814D1582E2B7CA200CCB9B3 /* background.js in Resources */,
				3814D1592E2B7CA200CCB9B3 /* assets in Resources */,
				3814D15A2E2B7CA200CCB9B3 /* styles in Resources */,
				38A463132E2BD45800FD2689 /* content-script.js in Resources */,
				3814D1572E2B7CA200CCB9B3 /* index.html in Resources */,
				3814D15C2E2B7CA200CCB9B3 /* wikimapper.js in Resources */,
				3814D15F2E2B7CA200CCB9B3 /* background.js.LICENSE.txt in Resources */,
				3814D15E2E2B7CA200CCB9B3 /* fonts in Resources */,
			);
			runOnlyForDeploymentPostprocessing = 0;
		};
/* End PBXResourcesBuildPhase section */

/* Begin PBXSourcesBuildPhase section */
		3814D0F92E2B7CA200CCB9B3 /* Sources */ = {
			isa = PBXSourcesBuildPhase;
			buildActionMask = 2147483647;
			files = (
			);
			runOnlyForDeploymentPostprocessing = 0;
		};
		3814D10B2E2B7CA200CCB9B3 /* Sources */ = {
			isa = PBXSourcesBuildPhase;
			buildActionMask = 2147483647;
			files = (
			);
			runOnlyForDeploymentPostprocessing = 0;
		};
		3814D1182E2B7CA200CCB9B3 /* Sources */ = {
			isa = PBXSourcesBuildPhase;
			buildActionMask = 2147483647;
			files = (
				3814D1392E2B7CA200CCB9B3 /* SafariWebExtensionHandler.swift in Sources */,
			);
			runOnlyForDeploymentPostprocessing = 0;
		};
		3814D1222E2B7CA200CCB9B3 /* Sources */ = {
			isa = PBXSourcesBuildPhase;
			buildActionMask = 2147483647;
			files = (
				3814D13A2E2B7CA200CCB9B3 /* SafariWebExtensionHandler.swift in Sources */,
			);
			runOnlyForDeploymentPostprocessing = 0;
		};
/* End PBXSourcesBuildPhase section */

/* Begin PBXTargetDependency section */
		3814D11F2E2B7CA200CCB9B3 /* PBXTargetDependency */ = {
			isa = PBXTargetDependency;
			target = 3814D11B2E2B7CA200CCB9B3 /* WikiMapper Extension (iOS) */;
			targetProxy = 3814D11E2E2B7CA200CCB9B3 /* PBXContainerItemProxy */;
		};
		3814D1292E2B7CA200CCB9B3 /* PBXTargetDependency */ = {
			isa = PBXTargetDependency;
			target = 3814D1252E2B7CA200CCB9B3 /* WikiMapper Extension (macOS) */;
			targetProxy = 3814D1282E2B7CA200CCB9B3 /* PBXContainerItemProxy */;
		};
/* End PBXTargetDependency section */

/* Begin XCBuildConfiguration section */
		3814D13B2E2B7CA200CCB9B3 /* Debug */ = {
			isa = XCBuildConfiguration;
			buildSettings = {
				ALWAYS_SEARCH_USER_PATHS = NO;
				ASSETCATALOG_COMPILER_GENERATE_SWIFT_ASSET_SYMBOL_EXTENSIONS = YES;
				CLANG_ANALYZER_NONNULL = YES;
				CLANG_ANALYZER_NUMBER_OBJECT_CONVERSION = YES_AGGRESSIVE;
				CLANG_CXX_LANGUAGE_STANDARD = "gnu++20";
				CLANG_ENABLE_MODULES = YES;
				CLANG_ENABLE_OBJC_ARC = YES;
				CLANG_ENABLE_OBJC_WEAK = YES;
				CLANG_WARN_BLOCK_CAPTURE_AUTORELEASING = YES;
				CLANG_WARN_BOOL_CONVERSION = YES;
				CLANG_WARN_COMMA = YES;
				CLANG_WARN_CONSTANT_CONVERSION = YES;
				CLANG_WARN_DEPRECATED_OBJC_IMPLEMENTATIONS = YES;
				CLANG_WARN_DIRECT_OBJC_ISA_USAGE = YES_ERROR;
				CLANG_WARN_DOCUMENTATION_COMMENTS = YES;
				CLANG_WARN_EMPTY_BODY = YES;
				CLANG_WARN_ENUM_CONVERSION = YES;
				CLANG_WARN_INFINITE_RECURSION = YES;
				CLANG_WARN_INT_CONVERSION = YES;
				CLANG_WARN_NON_LITERAL_NULL_CONVERSION = YES;
				CLANG_WARN_OBJC_IMPLICIT_RETAIN_SELF = YES;
				CLANG_WARN_OBJC_LITERAL_CONVERSION = YES;
				CLANG_WARN_OBJC_ROOT_CLASS = YES_ERROR;
				CLANG_WARN_QUOTED_INCLUDE_IN_FRAMEWORK_HEADER = YES;
				CLANG_WARN_RANGE_LOOP_ANALYSIS = YES;
				CLANG_WARN_STRICT_PROTOTYPES = YES;
				CLANG_WARN_SUSPICIOUS_MOVE = YES;
				CLANG_WARN_UNGUARDED_AVAILABILITY = YES_AGGRESSIVE;
				CLANG_WARN_UNREACHABLE_CODE = YES;
				CLANG_WARN__DUPLICATE_METHOD_MATCH = YES;
				COPY_PHASE_STRIP = NO;
				DEBUG_INFORMATION_FORMAT = dwarf;
				ENABLE_STRICT_OBJC_MSGSEND = YES;
				ENABLE_TESTABILITY = YES;
				ENABLE_USER_SCRIPT_SANDBOXING = YES;
				GCC_C_LANGUAGE_STANDARD = gnu17;
				GCC_DYNAMIC_NO_PIC = NO;
				GCC_NO_COMMON_BLOCKS = YES;
				GCC_OPTIMIZATION_LEVEL = 0;
				GCC_PREPROCESSOR_DEFINITIONS = (
					"DEBUG=1",
					"$(inherited)",
				);
				GCC_WARN_64_TO_32_BIT_CONVERSION = YES;
				GCC_WARN_ABOUT_RETURN_TYPE = YES_ERROR;
				GCC_WARN_UNDECLARED_SELECTOR = YES;
				GCC_WARN_UNINITIALIZED_AUTOS = YES_AGGRESSIVE;
				GCC_WARN_UNUSED_FUNCTION = YES;
				GCC_WARN_UNUSED_VARIABLE = YES;
				LOCALIZATION_PREFERS_STRING_CATALOGS = YES;
				MTL_ENABLE_DEBUG_INFO = INCLUDE_SOURCE;
				MTL_FAST_MATH = YES;
				ONLY_ACTIVE_ARCH = YES;
				SWIFT_ACTIVE_COMPILATION_CONDITIONS = "DEBUG $(inherited)";
				SWIFT_EMIT_LOC_STRINGS = YES;
				SWIFT_OPTIMIZATION_LEVEL = "-Onone";
			};
			name = Debug;
		};
		3814D13C2E2B7CA200CCB9B3 /* Release */ = {
			isa = XCBuildConfiguration;
			buildSettings = {
				ALWAYS_SEARCH_USER_PATHS = NO;
				ASSETCATALOG_COMPILER_GENERATE_SWIFT_ASSET_SYMBOL_EXTENSIONS = YES;
				CLANG_ANALYZER_NONNULL = YES;
				CLANG_ANALYZER_NUMBER_OBJECT_CONVERSION = YES_AGGRESSIVE;
				CLANG_CXX_LANGUAGE_STANDARD = "gnu++20";
				CLANG_ENABLE_MODULES = YES;
				CLANG_ENABLE_OBJC_ARC = YES;
				CLANG_ENABLE_OBJC_WEAK = YES;
				CLANG_WARN_BLOCK_CAPTURE_AUTORELEASING = YES;
				CLANG_WARN_BOOL_CONVERSION = YES;
				CLANG_WARN_COMMA = YES;
				CLANG_WARN_CONSTANT_CONVERSION = YES;
				CLANG_WARN_DEPRECATED_OBJC_IMPLEMENTATIONS = YES;
				CLANG_WARN_DIRECT_OBJC_ISA_USAGE = YES_ERROR;
				CLANG_WARN_DOCUMENTATION_COMMENTS = YES;
				CLANG_WARN_EMPTY_BODY = YES;
				CLANG_WARN_ENUM_CONVERSION = YES;
				CLANG_WARN_INFINITE_RECURSION = YES;
				CLANG_WARN_INT_CONVERSION = YES;
				CLANG_WARN_NON_LITERAL_NULL_CONVERSION = YES;
				CLANG_WARN_OBJC_IMPLICIT_RETAIN_SELF = YES;
				CLANG_WARN_OBJC_LITERAL_CONVERSION = YES;
				CLANG_WARN_OBJC_ROOT_CLASS = YES_ERROR;
				CLANG_WARN_QUOTED_INCLUDE_IN_FRAMEWORK_HEADER = YES;
				CLANG_WARN_RANGE_LOOP_ANALYSIS = YES;
				CLANG_WARN_STRICT_PROTOTYPES = YES;
				CLANG_WARN_SUSPICIOUS_MOVE = YES;
				CLANG_WARN_UNGUARDED_AVAILABILITY = YES_AGGRESSIVE;
				CLANG_WARN_UNREACHABLE_CODE = YES;
				CLANG_WARN__DUPLICATE_METHOD_MATCH = YES;
				COPY_PHASE_STRIP = NO;
				DEBUG_INFORMATION_FORMAT = "dwarf-with-dsym";
				ENABLE_NS_ASSERTIONS = NO;
				ENABLE_STRICT_OBJC_MSGSEND = YES;
				ENABLE_USER_SCRIPT_SANDBOXING = YES;
				GCC_C_LANGUAGE_STANDARD = gnu17;
				GCC_NO_COMMON_BLOCKS = YES;
				GCC_WARN_64_TO_32_BIT_CONVERSION = YES;
				GCC_WARN_ABOUT_RETURN_TYPE = YES_ERROR;
				GCC_WARN_UNDECLARED_SELECTOR = YES;
				GCC_WARN_UNINITIALIZED_AUTOS = YES_AGGRESSIVE;
				GCC_WARN_UNUSED_FUNCTION = YES;
				GCC_WARN_UNUSED_VARIABLE = YES;
				LOCALIZATION_PREFERS_STRING_CATALOGS = YES;
				MTL_ENABLE_DEBUG_INFO = NO;
				MTL_FAST_MATH = YES;
				SWIFT_COMPILATION_MODE = wholemodule;
				SWIFT_EMIT_LOC_STRINGS = YES;
			};
			name = Release;
		};
		3814D13E2E2B7CA200CCB9B3 /* Debug */ = {
			isa = XCBuildConfiguration;
			buildSettings = {
				CODE_SIGN_ENTITLEMENTS = "iOS (Extension)/WikiMapper Extension.entitlements";
				CODE_SIGN_STYLE = Automatic;
				CURRENT_PROJECT_VERSION = 1;
				DEVELOPMENT_TEAM = L6JP27B8YR;
				GENERATE_INFOPLIST_FILE = YES;
				INFOPLIST_FILE = "iOS (Extension)/Info.plist";
				INFOPLIST_KEY_CFBundleDisplayName = "WikiMapper Extension";
				INFOPLIST_KEY_NSHumanReadableCopyright = "";
				IPHONEOS_DEPLOYMENT_TARGET = 18.0;
				LD_RUNPATH_SEARCH_PATHS = (
					"$(inherited)",
					"@executable_path/Frameworks",
					"@executable_path/../../Frameworks",
				);
				MARKETING_VERSION = 1.0;
				OTHER_LDFLAGS = (
					"-framework",
					SafariServices,
				);
				PRODUCT_BUNDLE_IDENTIFIER = com.ptmccarthy.WikiMapper.Extension;
				PRODUCT_NAME = "WikiMapper Extension";
				SDKROOT = iphoneos;
				SKIP_INSTALL = YES;
				SWIFT_EMIT_LOC_STRINGS = YES;
				SWIFT_VERSION = 5.0;
				TARGETED_DEVICE_FAMILY = "1,2";
			};
			name = Debug;
		};
		3814D13F2E2B7CA200CCB9B3 /* Release */ = {
			isa = XCBuildConfiguration;
			buildSettings = {
				CODE_SIGN_ENTITLEMENTS = "iOS (Extension)/WikiMapper Extension.entitlements";
				CODE_SIGN_STYLE = Automatic;
				CURRENT_PROJECT_VERSION = 1;
				DEVELOPMENT_TEAM = L6JP27B8YR;
				GENERATE_INFOPLIST_FILE = YES;
				INFOPLIST_FILE = "iOS (Extension)/Info.plist";
				INFOPLIST_KEY_CFBundleDisplayName = "WikiMapper Extension";
				INFOPLIST_KEY_NSHumanReadableCopyright = "";
				IPHONEOS_DEPLOYMENT_TARGET = 18.0;
				LD_RUNPATH_SEARCH_PATHS = (
					"$(inherited)",
					"@executable_path/Frameworks",
					"@executable_path/../../Frameworks",
				);
				MARKETING_VERSION = 1.0;
				OTHER_LDFLAGS = (
					"-framework",
					SafariServices,
				);
				PRODUCT_BUNDLE_IDENTIFIER = com.ptmccarthy.WikiMapper.Extension;
				PRODUCT_NAME = "WikiMapper Extension";
				SDKROOT = iphoneos;
				SKIP_INSTALL = YES;
				SWIFT_EMIT_LOC_STRINGS = YES;
				SWIFT_VERSION = 5.0;
				TARGETED_DEVICE_FAMILY = "1,2";
				VALIDATE_PRODUCT = YES;
			};
			name = Release;
		};
		3814D1422E2B7CA200CCB9B3 /* Debug */ = {
			isa = XCBuildConfiguration;
			buildSettings = {
				ASSETCATALOG_COMPILER_APPICON_NAME = AppIcon;
				ASSETCATALOG_COMPILER_GLOBAL_ACCENT_COLOR_NAME = AccentColor;
				CODE_SIGN_ENTITLEMENTS = "iOS (App)/WikiMapper.entitlements";
				CODE_SIGN_STYLE = Automatic;
				CURRENT_PROJECT_VERSION = 1;
				DEVELOPMENT_TEAM = L6JP27B8YR;
				GENERATE_INFOPLIST_FILE = YES;
				INFOPLIST_FILE = "iOS (App)/Info.plist";
				INFOPLIST_KEY_CFBundleDisplayName = WikiMapper;
				INFOPLIST_KEY_ITSAppUsesNonExemptEncryption = NO;
				INFOPLIST_KEY_LSApplicationCategoryType = "public.app-category.utilities";
				INFOPLIST_KEY_UIApplicationSceneManifest_Generation = YES;
				INFOPLIST_KEY_UIApplicationSupportsIndirectInputEvents = YES;
				INFOPLIST_KEY_UILaunchScreen_Generation = YES;
				INFOPLIST_KEY_UISupportedInterfaceOrientations = "UIInterfaceOrientationPortrait UIInterfaceOrientationLandscapeLeft UIInterfaceOrientationLandscapeRight";
				INFOPLIST_KEY_UISupportedInterfaceOrientations_iPad = "UIInterfaceOrientationPortrait UIInterfaceOrientationPortraitUpsideDown UIInterfaceOrientationLandscapeLeft UIInterfaceOrientationLandscapeRight";
				IPHONEOS_DEPLOYMENT_TARGET = 18.0;
				LD_RUNPATH_SEARCH_PATHS = (
					"$(inherited)",
					"@executable_path/Frameworks",
				);
				MARKETING_VERSION = 1.0;
				OTHER_LDFLAGS = (
					"-framework",
					SafariServices,
					"-framework",
					WebKit,
				);
				PRODUCT_BUNDLE_IDENTIFIER = com.ptmccarthy.WikiMapper;
				PRODUCT_NAME = WikiMapper;
				SDKROOT = iphoneos;
				SWIFT_EMIT_LOC_STRINGS = YES;
				SWIFT_VERSION = 5.0;
				TARGETED_DEVICE_FAMILY = "1,2";
			};
			name = Debug;
		};
		3814D1432E2B7CA200CCB9B3 /* Release */ = {
			isa = XCBuildConfiguration;
			buildSettings = {
				ASSETCATALOG_COMPILER_APPICON_NAME = AppIcon;
				ASSETCATALOG_COMPILER_GLOBAL_ACCENT_COLOR_NAME = AccentColor;
				CODE_SIGN_ENTITLEMENTS = "iOS (App)/WikiMapper.entitlements";
				CODE_SIGN_STYLE = Automatic;
				CURRENT_PROJECT_VERSION = 1;
				DEVELOPMENT_TEAM = L6JP27B8YR;
				GENERATE_INFOPLIST_FILE = YES;
				INFOPLIST_FILE = "iOS (App)/Info.plist";
				INFOPLIST_KEY_CFBundleDisplayName = WikiMapper;
				INFOPLIST_KEY_ITSAppUsesNonExemptEncryption = NO;
				INFOPLIST_KEY_LSApplicationCategoryType = "public.app-category.utilities";
				INFOPLIST_KEY_UIApplicationSceneManifest_Generation = YES;
				INFOPLIST_KEY_UIApplicationSupportsIndirectInputEvents = YES;
				INFOPLIST_KEY_UILaunchScreen_Generation = YES;
				INFOPLIST_KEY_UISupportedInterfaceOrientations = "UIInterfaceOrientationPortrait UIInterfaceOrientationLandscapeLeft UIInterfaceOrientationLandscapeRight";
				INFOPLIST_KEY_UISupportedInterfaceOrientations_iPad = "UIInterfaceOrientationPortrait UIInterfaceOrientationPortraitUpsideDown UIInterfaceOrientationLandscapeLeft UIInterfaceOrientationLandscapeRight";
				IPHONEOS_DEPLOYMENT_TARGET = 18.0;
				LD_RUNPATH_SEARCH_PATHS = (
					"$(inherited)",
					"@executable_path/Frameworks",
				);
				MARKETING_VERSION = 1.0;
				OTHER_LDFLAGS = (
					"-framework",
					SafariServices,
					"-framework",
					WebKit,
				);
				PRODUCT_BUNDLE_IDENTIFIER = com.ptmccarthy.WikiMapper;
				PRODUCT_NAME = WikiMapper;
				SDKROOT = iphoneos;
				SWIFT_EMIT_LOC_STRINGS = YES;
				SWIFT_VERSION = 5.0;
				TARGETED_DEVICE_FAMILY = "1,2";
				VALIDATE_PRODUCT = YES;
			};
			name = Release;
		};
		3814D1452E2B7CA200CCB9B3 /* Debug */ = {
			isa = XCBuildConfiguration;
			buildSettings = {
				CODE_SIGN_ENTITLEMENTS = "macOS (Extension)/WikiMapper.entitlements";
				CODE_SIGN_STYLE = Automatic;
				CURRENT_PROJECT_VERSION = 1;
				DEVELOPMENT_TEAM = L6JP27B8YR;
				ENABLE_HARDENED_RUNTIME = YES;
				GENERATE_INFOPLIST_FILE = YES;
				INFOPLIST_FILE = "macOS (Extension)/Info.plist";
				INFOPLIST_KEY_CFBundleDisplayName = "WikiMapper Extension";
				INFOPLIST_KEY_NSHumanReadableCopyright = "";
				LD_RUNPATH_SEARCH_PATHS = (
					"$(inherited)",
					"@executable_path/../Frameworks",
					"@executable_path/../../../../Frameworks",
				);
				MACOSX_DEPLOYMENT_TARGET = 15.0;
				MARKETING_VERSION = 1.0;
				OTHER_LDFLAGS = (
					"-framework",
					SafariServices,
				);
				PRODUCT_BUNDLE_IDENTIFIER = com.ptmccarthy.WikiMapper.Extension;
				PRODUCT_NAME = "WikiMapper Extension";
				REGISTER_APP_GROUPS = YES;
				SDKROOT = macosx;
				SKIP_INSTALL = YES;
				SWIFT_EMIT_LOC_STRINGS = YES;
				SWIFT_VERSION = 5.0;
			};
			name = Debug;
		};
		3814D1462E2B7CA200CCB9B3 /* Release */ = {
			isa = XCBuildConfiguration;
			buildSettings = {
				CODE_SIGN_ENTITLEMENTS = "macOS (Extension)/WikiMapper.entitlements";
				CODE_SIGN_STYLE = Automatic;
				CURRENT_PROJECT_VERSION = 1;
				DEVELOPMENT_TEAM = L6JP27B8YR;
				ENABLE_HARDENED_RUNTIME = YES;
				GENERATE_INFOPLIST_FILE = YES;
				INFOPLIST_FILE = "macOS (Extension)/Info.plist";
				INFOPLIST_KEY_CFBundleDisplayName = "WikiMapper Extension";
				INFOPLIST_KEY_NSHumanReadableCopyright = "";
				LD_RUNPATH_SEARCH_PATHS = (
					"$(inherited)",
					"@executable_path/../Frameworks",
					"@executable_path/../../../../Frameworks",
				);
				MACOSX_DEPLOYMENT_TARGET = 15.0;
				MARKETING_VERSION = 1.0;
				OTHER_LDFLAGS = (
					"-framework",
					SafariServices,
				);
				PRODUCT_BUNDLE_IDENTIFIER = com.ptmccarthy.WikiMapper.Extension;
				PRODUCT_NAME = "WikiMapper Extension";
				REGISTER_APP_GROUPS = YES;
				SDKROOT = macosx;
				SKIP_INSTALL = YES;
				SWIFT_EMIT_LOC_STRINGS = YES;
				SWIFT_VERSION = 5.0;
			};
			name = Release;
		};
		3814D1492E2B7CA200CCB9B3 /* Debug */ = {
			isa = XCBuildConfiguration;
			buildSettings = {
				ASSETCATALOG_COMPILER_APPICON_NAME = AppIcon;
				ASSETCATALOG_COMPILER_GLOBAL_ACCENT_COLOR_NAME = AccentColor;
				CODE_SIGN_ENTITLEMENTS = "macOS (App)/WikiMapper.entitlements";
				CODE_SIGN_STYLE = Automatic;
				CURRENT_PROJECT_VERSION = 1;
				DEVELOPMENT_TEAM = L6JP27B8YR;
				ENABLE_HARDENED_RUNTIME = YES;
				GENERATE_INFOPLIST_FILE = YES;
				INFOPLIST_FILE = "macOS (App)/Info.plist";
				INFOPLIST_KEY_CFBundleDisplayName = WikiMapper;
				INFOPLIST_KEY_ITSAppUsesNonExemptEncryption = NO;
				INFOPLIST_KEY_LSApplicationCategoryType = "public.app-category.utilities";
				INFOPLIST_KEY_NSMainStoryboardFile = Main;
				INFOPLIST_KEY_NSPrincipalClass = NSApplication;
				LD_RUNPATH_SEARCH_PATHS = (
					"$(inherited)",
					"@executable_path/../Frameworks",
				);
				MACOSX_DEPLOYMENT_TARGET = 15.0;
				MARKETING_VERSION = 1.0;
				OTHER_LDFLAGS = (
					"-framework",
					SafariServices,
					"-framework",
					WebKit,
				);
				PRODUCT_BUNDLE_IDENTIFIER = com.ptmccarthy.WikiMapper;
				PRODUCT_NAME = WikiMapper;
				REGISTER_APP_GROUPS = YES;
				SDKROOT = macosx;
				SWIFT_EMIT_LOC_STRINGS = YES;
				SWIFT_VERSION = 5.0;
			};
			name = Debug;
		};
		3814D14A2E2B7CA200CCB9B3 /* Release */ = {
			isa = XCBuildConfiguration;
			buildSettings = {
				ASSETCATALOG_COMPILER_APPICON_NAME = AppIcon;
				ASSETCATALOG_COMPILER_GLOBAL_ACCENT_COLOR_NAME = AccentColor;
				CODE_SIGN_ENTITLEMENTS = "macOS (App)/WikiMapper.entitlements";
				CODE_SIGN_STYLE = Automatic;
				CURRENT_PROJECT_VERSION = 1;
				DEVELOPMENT_TEAM = L6JP27B8YR;
				ENABLE_HARDENED_RUNTIME = YES;
				GENERATE_INFOPLIST_FILE = YES;
				INFOPLIST_FILE = "macOS (App)/Info.plist";
				INFOPLIST_KEY_CFBundleDisplayName = WikiMapper;
				INFOPLIST_KEY_ITSAppUsesNonExemptEncryption = NO;
				INFOPLIST_KEY_LSApplicationCategoryType = "public.app-category.utilities";
				INFOPLIST_KEY_NSMainStoryboardFile = Main;
				INFOPLIST_KEY_NSPrincipalClass = NSApplication;
				LD_RUNPATH_SEARCH_PATHS = (
					"$(inherited)",
					"@executable_path/../Frameworks",
				);
				MACOSX_DEPLOYMENT_TARGET = 15.0;
				MARKETING_VERSION = 1.0;
				OTHER_LDFLAGS = (
					"-framework",
					SafariServices,
					"-framework",
					WebKit,
				);
				PRODUCT_BUNDLE_IDENTIFIER = com.ptmccarthy.WikiMapper;
				PRODUCT_NAME = WikiMapper;
				REGISTER_APP_GROUPS = YES;
				SDKROOT = macosx;
				SWIFT_EMIT_LOC_STRINGS = YES;
				SWIFT_VERSION = 5.0;
			};
			name = Release;
		};
/* End XCBuildConfiguration section */

/* Begin XCConfigurationList section */
		3814D0ED2E2B7CA000CCB9B3 /* Build configuration list for PBXProject "WikiMapper" */ = {
			isa = XCConfigurationList;
			buildConfigurations = (
				3814D13B2E2B7CA200CCB9B3 /* Debug */,
				3814D13C2E2B7CA200CCB9B3 /* Release */,
			);
			defaultConfigurationIsVisible = 0;
			defaultConfigurationName = Release;
		};
		3814D13D2E2B7CA200CCB9B3 /* Build configuration list for PBXNativeTarget "WikiMapper Extension (iOS)" */ = {
			isa = XCConfigurationList;
			buildConfigurations = (
				3814D13E2E2B7CA200CCB9B3 /* Debug */,
				3814D13F2E2B7CA200CCB9B3 /* Release */,
			);
			defaultConfigurationIsVisible = 0;
			defaultConfigurationName = Release;
		};
		3814D1412E2B7CA200CCB9B3 /* Build configuration list for PBXNativeTarget "WikiMapper (iOS)" */ = {
			isa = XCConfigurationList;
			buildConfigurations = (
				3814D1422E2B7CA200CCB9B3 /* Debug */,
				3814D1432E2B7CA200CCB9B3 /* Release */,
			);
			defaultConfigurationIsVisible = 0;
			defaultConfigurationName = Release;
		};
		3814D1442E2B7CA200CCB9B3 /* Build configuration list for PBXNativeTarget "WikiMapper Extension (macOS)" */ = {
			isa = XCConfigurationList;
			buildConfigurations = (
				3814D1452E2B7CA200CCB9B3 /* Debug */,
				3814D1462E2B7CA200CCB9B3 /* Release */,
			);
			defaultConfigurationIsVisible = 0;
			defaultConfigurationName = Release;
		};
		3814D1482E2B7CA200CCB9B3 /* Build configuration list for PBXNativeTarget "WikiMapper (macOS)" */ = {
			isa = XCConfigurationList;
			buildConfigurations = (
				3814D1492E2B7CA200CCB9B3 /* Debug */,
				3814D14A2E2B7CA200CCB9B3 /* Release */,
			);
			defaultConfigurationIsVisible = 0;
			defaultConfigurationName = Release;
		};
/* End XCConfigurationList section */
	};
	rootObject = 3814D0EA2E2B7CA000CCB9B3 /* Project object */;
}
