// !$*UTF8*$!
{
	archiveVersion = 1;
	classes = {
	};
	objectVersion = 77;
	objects = {

/* Begin PBXBuildFile section */
		3814D11D2E2B7CA200CCB9B3 /* WikiMapper Extension.appex in Embed Foundation Extensions */ = {isa = PBXBuildFile; fileRef = 3814D11C2E2B7CA200CCB9B3 /* WikiMapper Extension.appex */; settings = {ATTRIBUTES = (RemoveHeadersOnCopy, ); }; };
		38820ACE2E2D50FB0069D429 /* Grape in Frameworks */ = {isa = PBXBuildFile; productRef = 38820ACD2E2D50FB0069D429 /* Grape */; };
/* End PBXBuildFile section */

/* Begin PBXContainerItemProxy section */
		3814D11E2E2B7CA200CCB9B3 /* PBXContainerItemProxy */ = {
			isa = PBXContainerItemProxy;
			containerPortal = 3814D0EA2E2B7CA000CCB9B3 /* Project object */;
			proxyType = 1;
			remoteGlobalIDString = 3814D11B2E2B7CA200CCB9B3;
			remoteInfo = "WikiMapper Extension (iOS)";
		};
/* End PBXContainerItemProxy section */

/* Begin PBXCopyFilesBuildPhase section */
		3814D1402E2B7CA200CCB9B3 /* Embed Foundation Extensions */ = {
			isa = PBXCopyFilesBuildPhase;
			buildActionMask = 2147483647;
			dstPath = "";
			dstSubfolderSpec = 13;
			files = (
				3814D11D2E2B7CA200CCB9B3 /* WikiMapper Extension.appex in Embed Foundation Extensions */,
			);
			name = "Embed Foundation Extensions";
			runOnlyForDeploymentPostprocessing = 0;
		};
		3871530F2E372EB60093D4C0 /* Copy Extension Assets */ = {
			isa = PBXCopyFilesBuildPhase;
			buildActionMask = 12;
			dstPath = assets;
			dstSubfolderSpec = 7;
			files = (
			);
			name = "Copy Extension Assets";
			runOnlyForDeploymentPostprocessing = 0;
		};
		3871531B2E372EE60093D4C0 /* Copy Extension Fonts */ = {
			isa = PBXCopyFilesBuildPhase;
			buildActionMask = 2147483647;
			dstPath = fonts;
			dstSubfolderSpec = 7;
			files = (
			);
			name = "Copy Extension Fonts";
			runOnlyForDeploymentPostprocessing = 0;
		};
		387153232E372EFB0093D4C0 /* Copy Extension Styles */ = {
			isa = PBXCopyFilesBuildPhase;
			buildActionMask = 2147483647;
			dstPath = styles;
			dstSubfolderSpec = 7;
			files = (
			);
			name = "Copy Extension Styles";
			runOnlyForDeploymentPostprocessing = 0;
		};
/* End PBXCopyFilesBuildPhase section */

/* Begin PBXFileReference section */
		3814D0FD2E2B7CA200CCB9B3 /* WikiMapper.app */ = {isa = PBXFileReference; explicitFileType = wrapper.application; includeInIndex = 0; path = WikiMapper.app; sourceTree = BUILT_PRODUCTS_DIR; };
		3814D11C2E2B7CA200CCB9B3 /* WikiMapper Extension.appex */ = {isa = PBXFileReference; explicitFileType = "wrapper.app-extension"; includeInIndex = 0; path = "WikiMapper Extension.appex"; sourceTree = BUILT_PRODUCTS_DIR; };
/* End PBXFileReference section */

/* Begin PBXFileSystemSynchronizedBuildFileExceptionSet section */
		387151272E37260B0093D4C0 /* Exceptions for "WikiMapper Extension" folder in "WikiMapper Extension" target */ = {
			isa = PBXFileSystemSynchronizedBuildFileExceptionSet;
			membershipExceptions = (
				Resources/background.js,
				Resources/background.js.LICENSE.txt,
				"Resources/content-script.js",
				Resources/index.html,
				Resources/manifest.json,
				Resources/wikimapper.js,
				Resources/wikimapper.js.LICENSE.txt,
				SafariWebExtensionHandler.swift,
			);
			target = 3814D11B2E2B7CA200CCB9B3 /* WikiMapper Extension */;
		};
		38A464572E2CB33400FD2689 /* Exceptions for "WikiMapper" folder in "WikiMapper" target */ = {
			isa = PBXFileSystemSynchronizedBuildFileExceptionSet;
			membershipExceptions = (
				Info.plist,
			);
			target = 3814D0FC2E2B7CA200CCB9B3 /* WikiMapper */;
		};
/* End PBXFileSystemSynchronizedBuildFileExceptionSet section */

/* Begin PBXFileSystemSynchronizedGroupBuildPhaseMembershipExceptionSet section */
		3871533B2E37300A0093D4C0 /* Exceptions for "WikiMapper Extension" folder in "Copy Bundle Resources" phase from "WikiMapper Extension" target */ = {
			isa = PBXFileSystemSynchronizedGroupBuildPhaseMembershipExceptionSet;
			buildPhase = 3814D11A2E2B7CA200CCB9B3 /* Resources */;
			membershipExceptions = (
				Resources/background.js.map,
				Resources/wikimapper.js.map,
			);
		};
		387153462E37301C0093D4C0 /* Exceptions for "WikiMapper Extension" folder in "Copy Extension Assets" phase from "WikiMapper Extension" target */ = {
			isa = PBXFileSystemSynchronizedGroupBuildPhaseMembershipExceptionSet;
			buildPhase = 3871530F2E372EB60093D4C0 /* Copy Extension Assets */;
			membershipExceptions = (
				"Resources/assets/wikimapper-16.png",
				"Resources/assets/wikimapper-19.png",
				"Resources/assets/wikimapper-38.png",
				"Resources/assets/wikimapper-48.png",
				"Resources/assets/wikimapper-128-with-alpha-border.png",
				"Resources/assets/wikimapper-128.png",
				"Resources/assets/wikimapper-banner-small.png",
				"Resources/assets/wikimapper-promo-small.png",
				"Resources/assets/wikimapper-screenshot-1.png",
				"Resources/assets/wikimapper-screenshot-2.png",
			);
		};
		3871534D2E37302E0093D4C0 /* Exceptions for "WikiMapper Extension" folder in "Copy Extension Fonts" phase from "WikiMapper Extension" target */ = {
			isa = PBXFileSystemSynchronizedGroupBuildPhaseMembershipExceptionSet;
			buildPhase = 3871531B2E372EE60093D4C0 /* Copy Extension Fonts */;
			membershipExceptions = (
				"Resources/fonts/fontawesome-webfont.eot",
				"Resources/fonts/fontawesome-webfont.svg",
				"Resources/fonts/fontawesome-webfont.ttf",
				"Resources/fonts/fontawesome-webfont.woff",
				"Resources/fonts/fontawesome-webfont.woff2",
				Resources/fonts/FontAwesome.otf,
			);
		};
		387153502E37303C0093D4C0 /* Exceptions for "WikiMapper Extension" folder in "Copy Extension Styles" phase from "WikiMapper Extension" target */ = {
			isa = PBXFileSystemSynchronizedGroupBuildPhaseMembershipExceptionSet;
			buildPhase = 387153232E372EFB0093D4C0 /* Copy Extension Styles */;
			membershipExceptions = (
				Resources/styles/wikimapper.css,
				Resources/styles/wikimapper.css.map,
			);
		};
/* End PBXFileSystemSynchronizedGroupBuildPhaseMembershipExceptionSet section */

/* Begin PBXFileSystemSynchronizedRootGroup section */
		38A464512E2CB33400FD2689 /* WikiMapper */ = {
			isa = PBXFileSystemSynchronizedRootGroup;
			exceptions = (
				38A464572E2CB33400FD2689 /* Exceptions for "WikiMapper" folder in "WikiMapper" target */,
			);
			path = WikiMapper;
			sourceTree = "<group>";
		};
		38A464622E2CB34200FD2689 /* WikiMapper Extension */ = {
			isa = PBXFileSystemSynchronizedRootGroup;
			exceptions = (
				387151272E37260B0093D4C0 /* Exceptions for "WikiMapper Extension" folder in "WikiMapper Extension" target */,
				3871533B2E37300A0093D4C0 /* Exceptions for "WikiMapper Extension" folder in "Copy Bundle Resources" phase from "WikiMapper Extension" target */,
				387153462E37301C0093D4C0 /* Exceptions for "WikiMapper Extension" folder in "Copy Extension Assets" phase from "WikiMapper Extension" target */,
				3871534D2E37302E0093D4C0 /* Exceptions for "WikiMapper Extension" folder in "Copy Extension Fonts" phase from "WikiMapper Extension" target */,
				387153502E37303C0093D4C0 /* Exceptions for "WikiMapper Extension" folder in "Copy Extension Styles" phase from "WikiMapper Extension" target */,
			);
			path = "WikiMapper Extension";
			sourceTree = "<group>";
		};
/* End PBXFileSystemSynchronizedRootGroup section */

/* Begin PBXFrameworksBuildPhase section */
		3814D0FA2E2B7CA200CCB9B3 /* Frameworks */ = {
			isa = PBXFrameworksBuildPhase;
			buildActionMask = 2147483647;
			files = (
				38820ACE2E2D50FB0069D429 /* Grape in Frameworks */,
			);
			runOnlyForDeploymentPostprocessing = 0;
		};
		3814D1192E2B7CA200CCB9B3 /* Frameworks */ = {
			isa = PBXFrameworksBuildPhase;
			buildActionMask = 2147483647;
			files = (
			);
			runOnlyForDeploymentPostprocessing = 0;
		};
/* End PBXFrameworksBuildPhase section */

/* Begin PBXGroup section */
		3814D0E92E2B7CA000CCB9B3 = {
			isa = PBXGroup;
			children = (
				38A464512E2CB33400FD2689 /* WikiMapper */,
				38A464622E2CB34200FD2689 /* WikiMapper Extension */,
				38820ACF2E2D510A0069D429 /* Frameworks */,
				3814D0FE2E2B7CA200CCB9B3 /* Products */,
			);
			sourceTree = "<group>";
		};
		3814D0FE2E2B7CA200CCB9B3 /* Products */ = {
			isa = PBXGroup;
			children = (
				3814D0FD2E2B7CA200CCB9B3 /* WikiMapper.app */,
				3814D11C2E2B7CA200CCB9B3 /* WikiMapper Extension.appex */,
			);
			name = Products;
			sourceTree = "<group>";
		};
		38820ACF2E2D510A0069D429 /* Frameworks */ = {
			isa = PBXGroup;
			children = (
			);
			name = Frameworks;
			sourceTree = "<group>";
		};
/* End PBXGroup section */

/* Begin PBXNativeTarget section */
		3814D0FC2E2B7CA200CCB9B3 /* WikiMapper */ = {
			isa = PBXNativeTarget;
			buildConfigurationList = 3814D1412E2B7CA200CCB9B3 /* Build configuration list for PBXNativeTarget "WikiMapper" */;
			buildPhases = (
				3814D0F92E2B7CA200CCB9B3 /* Sources */,
				3814D0FA2E2B7CA200CCB9B3 /* Frameworks */,
				3814D0FB2E2B7CA200CCB9B3 /* Resources */,
				3814D1402E2B7CA200CCB9B3 /* Embed Foundation Extensions */,
			);
			buildRules = (
			);
			dependencies = (
				3814D11F2E2B7CA200CCB9B3 /* PBXTargetDependency */,
			);
			fileSystemSynchronizedGroups = (
				38A464512E2CB33400FD2689 /* WikiMapper */,
			);
			name = WikiMapper;
			packageProductDependencies = (
				38820ACD2E2D50FB0069D429 /* Grape */,
			);
			productName = "WikiMapper (iOS)";
			productReference = 3814D0FD2E2B7CA200CCB9B3 /* WikiMapper.app */;
			productType = "com.apple.product-type.application";
		};
		3814D11B2E2B7CA200CCB9B3 /* WikiMapper Extension */ = {
			isa = PBXNativeTarget;
			buildConfigurationList = 3814D13D2E2B7CA200CCB9B3 /* Build configuration list for PBXNativeTarget "WikiMapper Extension" */;
			buildPhases = (
				3814D1182E2B7CA200CCB9B3 /* Sources */,
				3814D1192E2B7CA200CCB9B3 /* Frameworks */,
				3814D11A2E2B7CA200CCB9B3 /* Resources */,
				3871530F2E372EB60093D4C0 /* Copy Extension Assets */,
				3871531B2E372EE60093D4C0 /* Copy Extension Fonts */,
				387153232E372EFB0093D4C0 /* Copy Extension Styles */,
			);
			buildRules = (
			);
			dependencies = (
			);
			name = "WikiMapper Extension";
			packageProductDependencies = (
			);
			productName = "WikiMapper Extension (iOS)";
			productReference = 3814D11C2E2B7CA200CCB9B3 /* WikiMapper Extension.appex */;
			productType = "com.apple.product-type.app-extension";
		};
/* End PBXNativeTarget section */

/* Begin PBXProject section */
		3814D0EA2E2B7CA000CCB9B3 /* Project object */ = {
			isa = PBXProject;
			attributes = {
				BuildIndependentTargetsInParallel = 1;
				LastSwiftUpdateCheck = 1640;
				LastUpgradeCheck = 1640;
				TargetAttributes = {
					3814D0FC2E2B7CA200CCB9B3 = {
						CreatedOnToolsVersion = 16.4;
					};
					3814D11B2E2B7CA200CCB9B3 = {
						CreatedOnToolsVersion = 16.4;
					};
				};
			};
			buildConfigurationList = 3814D0ED2E2B7CA000CCB9B3 /* Build configuration list for PBXProject "WikiMapper" */;
			developmentRegion = en;
			hasScannedForEncodings = 0;
			knownRegions = (
				en,
				Base,
				"zh-Hans",
			);
			mainGroup = 3814D0E92E2B7CA000CCB9B3;
			minimizedProjectReferenceProxies = 1;
			packageReferences = (
				38820ACC2E2D50FB0069D429 /* XCRemoteSwiftPackageReference "Grape" */,
			);
			preferredProjectObjectVersion = 77;
			productRefGroup = 3814D0FE2E2B7CA200CCB9B3 /* Products */;
			projectDirPath = "";
			projectRoot = "";
			targets = (
				3814D0FC2E2B7CA200CCB9B3 /* WikiMapper */,
				3814D11B2E2B7CA200CCB9B3 /* WikiMapper Extension */,
			);
		};
/* End PBXProject section */

/* Begin PBXResourcesBuildPhase section */
		3814D0FB2E2B7CA200CCB9B3 /* Resources */ = {
			isa = PBXResourcesBuildPhase;
			buildActionMask = 2147483647;
			files = (
			);
			runOnlyForDeploymentPostprocessing = 0;
		};
		3814D11A2E2B7CA200CCB9B3 /* Resources */ = {
			isa = PBXResourcesBuildPhase;
			buildActionMask = 2147483647;
			files = (
			);
			runOnlyForDeploymentPostprocessing = 0;
		};
/* End PBXResourcesBuildPhase section */

/* Begin PBXSourcesBuildPhase section */
		3814D0F92E2B7CA200CCB9B3 /* Sources */ = {
			isa = PBXSourcesBuildPhase;
			buildActionMask = 2147483647;
			files = (
			);
			runOnlyForDeploymentPostprocessing = 0;
		};
		3814D1182E2B7CA200CCB9B3 /* Sources */ = {
			isa = PBXSourcesBuildPhase;
			buildActionMask = 2147483647;
			files = (
			);
			runOnlyForDeploymentPostprocessing = 0;
		};
/* End PBXSourcesBuildPhase section */

/* Begin PBXTargetDependency section */
		3814D11F2E2B7CA200CCB9B3 /* PBXTargetDependency */ = {
			isa = PBXTargetDependency;
			target = 3814D11B2E2B7CA200CCB9B3 /* WikiMapper Extension */;
			targetProxy = 3814D11E2E2B7CA200CCB9B3 /* PBXContainerItemProxy */;
		};
/* End PBXTargetDependency section */

/* Begin XCBuildConfiguration section */
		3814D13B2E2B7CA200CCB9B3 /* Debug */ = {
			isa = XCBuildConfiguration;
			buildSettings = {
				ALWAYS_SEARCH_USER_PATHS = NO;
				ASSETCATALOG_COMPILER_GENERATE_SWIFT_ASSET_SYMBOL_EXTENSIONS = YES;
				CLANG_ANALYZER_NONNULL = YES;
				CLANG_ANALYZER_NUMBER_OBJECT_CONVERSION = YES_AGGRESSIVE;
				CLANG_CXX_LANGUAGE_STANDARD = "gnu++20";
				CLANG_ENABLE_MODULES = YES;
				CLANG_ENABLE_OBJC_ARC = YES;
				CLANG_ENABLE_OBJC_WEAK = YES;
				CLANG_WARN_BLOCK_CAPTURE_AUTORELEASING = YES;
				CLANG_WARN_BOOL_CONVERSION = YES;
				CLANG_WARN_COMMA = YES;
				CLANG_WARN_CONSTANT_CONVERSION = YES;
				CLANG_WARN_DEPRECATED_OBJC_IMPLEMENTATIONS = YES;
				CLANG_WARN_DIRECT_OBJC_ISA_USAGE = YES_ERROR;
				CLANG_WARN_DOCUMENTATION_COMMENTS = YES;
				CLANG_WARN_EMPTY_BODY = YES;
				CLANG_WARN_ENUM_CONVERSION = YES;
				CLANG_WARN_INFINITE_RECURSION = YES;
				CLANG_WARN_INT_CONVERSION = YES;
				CLANG_WARN_NON_LITERAL_NULL_CONVERSION = YES;
				CLANG_WARN_OBJC_IMPLICIT_RETAIN_SELF = YES;
				CLANG_WARN_OBJC_LITERAL_CONVERSION = YES;
				CLANG_WARN_OBJC_ROOT_CLASS = YES_ERROR;
				CLANG_WARN_QUOTED_INCLUDE_IN_FRAMEWORK_HEADER = YES;
				CLANG_WARN_RANGE_LOOP_ANALYSIS = YES;
				CLANG_WARN_STRICT_PROTOTYPES = YES;
				CLANG_WARN_SUSPICIOUS_MOVE = YES;
				CLANG_WARN_UNGUARDED_AVAILABILITY = YES_AGGRESSIVE;
				CLANG_WARN_UNREACHABLE_CODE = YES;
				CLANG_WARN__DUPLICATE_METHOD_MATCH = YES;
				COPY_PHASE_STRIP = NO;
				DEBUG_INFORMATION_FORMAT = dwarf;
				ENABLE_STRICT_OBJC_MSGSEND = YES;
				ENABLE_TESTABILITY = YES;
				ENABLE_USER_SCRIPT_SANDBOXING = YES;
				GCC_C_LANGUAGE_STANDARD = gnu17;
				GCC_DYNAMIC_NO_PIC = NO;
				GCC_NO_COMMON_BLOCKS = YES;
				GCC_OPTIMIZATION_LEVEL = 0;
				GCC_PREPROCESSOR_DEFINITIONS = (
					"DEBUG=1",
					"$(inherited)",
				);
				GCC_WARN_64_TO_32_BIT_CONVERSION = YES;
				GCC_WARN_ABOUT_RETURN_TYPE = YES_ERROR;
				GCC_WARN_UNDECLARED_SELECTOR = YES;
				GCC_WARN_UNINITIALIZED_AUTOS = YES_AGGRESSIVE;
				GCC_WARN_UNUSED_FUNCTION = YES;
				GCC_WARN_UNUSED_VARIABLE = YES;
				LOCALIZATION_PREFERS_STRING_CATALOGS = YES;
				MTL_ENABLE_DEBUG_INFO = INCLUDE_SOURCE;
				MTL_FAST_MATH = YES;
				ONLY_ACTIVE_ARCH = YES;
				SWIFT_ACTIVE_COMPILATION_CONDITIONS = "DEBUG $(inherited)";
				SWIFT_EMIT_LOC_STRINGS = YES;
				SWIFT_OPTIMIZATION_LEVEL = "-Onone";
				SWIFT_VERSION = 6.0;
			};
			name = Debug;
		};
		3814D13C2E2B7CA200CCB9B3 /* Release */ = {
			isa = XCBuildConfiguration;
			buildSettings = {
				ALWAYS_SEARCH_USER_PATHS = NO;
				ASSETCATALOG_COMPILER_GENERATE_SWIFT_ASSET_SYMBOL_EXTENSIONS = YES;
				CLANG_ANALYZER_NONNULL = YES;
				CLANG_ANALYZER_NUMBER_OBJECT_CONVERSION = YES_AGGRESSIVE;
				CLANG_CXX_LANGUAGE_STANDARD = "gnu++20";
				CLANG_ENABLE_MODULES = YES;
				CLANG_ENABLE_OBJC_ARC = YES;
				CLANG_ENABLE_OBJC_WEAK = YES;
				CLANG_WARN_BLOCK_CAPTURE_AUTORELEASING = YES;
				CLANG_WARN_BOOL_CONVERSION = YES;
				CLANG_WARN_COMMA = YES;
				CLANG_WARN_CONSTANT_CONVERSION = YES;
				CLANG_WARN_DEPRECATED_OBJC_IMPLEMENTATIONS = YES;
				CLANG_WARN_DIRECT_OBJC_ISA_USAGE = YES_ERROR;
				CLANG_WARN_DOCUMENTATION_COMMENTS = YES;
				CLANG_WARN_EMPTY_BODY = YES;
				CLANG_WARN_ENUM_CONVERSION = YES;
				CLANG_WARN_INFINITE_RECURSION = YES;
				CLANG_WARN_INT_CONVERSION = YES;
				CLANG_WARN_NON_LITERAL_NULL_CONVERSION = YES;
				CLANG_WARN_OBJC_IMPLICIT_RETAIN_SELF = YES;
				CLANG_WARN_OBJC_LITERAL_CONVERSION = YES;
				CLANG_WARN_OBJC_ROOT_CLASS = YES_ERROR;
				CLANG_WARN_QUOTED_INCLUDE_IN_FRAMEWORK_HEADER = YES;
				CLANG_WARN_RANGE_LOOP_ANALYSIS = YES;
				CLANG_WARN_STRICT_PROTOTYPES = YES;
				CLANG_WARN_SUSPICIOUS_MOVE = YES;
				CLANG_WARN_UNGUARDED_AVAILABILITY = YES_AGGRESSIVE;
				CLANG_WARN_UNREACHABLE_CODE = YES;
				CLANG_WARN__DUPLICATE_METHOD_MATCH = YES;
				COPY_PHASE_STRIP = NO;
				DEBUG_INFORMATION_FORMAT = "dwarf-with-dsym";
				ENABLE_NS_ASSERTIONS = NO;
				ENABLE_STRICT_OBJC_MSGSEND = YES;
				ENABLE_USER_SCRIPT_SANDBOXING = YES;
				GCC_C_LANGUAGE_STANDARD = gnu17;
				GCC_NO_COMMON_BLOCKS = YES;
				GCC_WARN_64_TO_32_BIT_CONVERSION = YES;
				GCC_WARN_ABOUT_RETURN_TYPE = YES_ERROR;
				GCC_WARN_UNDECLARED_SELECTOR = YES;
				GCC_WARN_UNINITIALIZED_AUTOS = YES_AGGRESSIVE;
				GCC_WARN_UNUSED_FUNCTION = YES;
				GCC_WARN_UNUSED_VARIABLE = YES;
				LOCALIZATION_PREFERS_STRING_CATALOGS = YES;
				MTL_ENABLE_DEBUG_INFO = NO;
				MTL_FAST_MATH = YES;
				SWIFT_COMPILATION_MODE = wholemodule;
				SWIFT_EMIT_LOC_STRINGS = YES;
				SWIFT_VERSION = 6.0;
			};
			name = Release;
		};
		3814D13E2E2B7CA200CCB9B3 /* Debug */ = {
			isa = XCBuildConfiguration;
			buildSettings = {
				CODE_SIGN_ENTITLEMENTS = "WikiMapper Extension/WikiMapper Extension.entitlements";
				CODE_SIGN_STYLE = Automatic;
				CURRENT_PROJECT_VERSION = 1;
				DEVELOPMENT_TEAM = L6JP27B8YR;
				GENERATE_INFOPLIST_FILE = YES;
				INFOPLIST_FILE = "WikiMapper Extension/Info.plist";
				INFOPLIST_KEY_CFBundleDisplayName = "WikiMapper Extension";
				INFOPLIST_KEY_NSHumanReadableCopyright = "";
				IPHONEOS_DEPLOYMENT_TARGET = 18.0;
				LD_RUNPATH_SEARCH_PATHS = (
					"$(inherited)",
					"@executable_path/Frameworks",
					"@executable_path/../../Frameworks",
				);
				MACOSX_DEPLOYMENT_TARGET = 15.0;
				MARKETING_VERSION = 1.0;
				OTHER_LDFLAGS = (
					"-framework",
					SafariServices,
				);
				PRODUCT_BUNDLE_IDENTIFIER = com.ptmccarthy.WikiMapper.Extension;
				PRODUCT_NAME = "WikiMapper Extension";
				REGISTER_APP_GROUPS = YES;
				SDKROOT = iphoneos;
				SKIP_INSTALL = YES;
				SUPPORTED_PLATFORMS = "iphoneos iphonesimulator macosx";
				SUPPORTS_MACCATALYST = NO;
				SWIFT_EMIT_LOC_STRINGS = YES;
				TARGETED_DEVICE_FAMILY = "1,2";
			};
			name = Debug;
		};
		3814D13F2E2B7CA200CCB9B3 /* Release */ = {
			isa = XCBuildConfiguration;
			buildSettings = {
				CODE_SIGN_ENTITLEMENTS = "WikiMapper Extension/WikiMapper Extension.entitlements";
				CODE_SIGN_STYLE = Automatic;
				CURRENT_PROJECT_VERSION = 1;
				DEVELOPMENT_TEAM = L6JP27B8YR;
				GENERATE_INFOPLIST_FILE = YES;
				INFOPLIST_FILE = "WikiMapper Extension/Info.plist";
				INFOPLIST_KEY_CFBundleDisplayName = "WikiMapper Extension";
				INFOPLIST_KEY_NSHumanReadableCopyright = "";
				IPHONEOS_DEPLOYMENT_TARGET = 18.0;
				LD_RUNPATH_SEARCH_PATHS = (
					"$(inherited)",
					"@executable_path/Frameworks",
					"@executable_path/../../Frameworks",
				);
				MACOSX_DEPLOYMENT_TARGET = 15.0;
				MARKETING_VERSION = 1.0;
				OTHER_LDFLAGS = (
					"-framework",
					SafariServices,
				);
				PRODUCT_BUNDLE_IDENTIFIER = com.ptmccarthy.WikiMapper.Extension;
				PRODUCT_NAME = "WikiMapper Extension";
				REGISTER_APP_GROUPS = YES;
				SDKROOT = iphoneos;
				SKIP_INSTALL = YES;
				SUPPORTED_PLATFORMS = "iphoneos iphonesimulator macosx";
				SUPPORTS_MACCATALYST = NO;
				SWIFT_EMIT_LOC_STRINGS = YES;
				TARGETED_DEVICE_FAMILY = "1,2";
				VALIDATE_PRODUCT = YES;
			};
			name = Release;
		};
		3814D1422E2B7CA200CCB9B3 /* Debug */ = {
			isa = XCBuildConfiguration;
			buildSettings = {
				ASSETCATALOG_COMPILER_APPICON_NAME = AppIcon;
				ASSETCATALOG_COMPILER_GLOBAL_ACCENT_COLOR_NAME = AccentColor;
				CODE_SIGN_ENTITLEMENTS = WikiMapper/WikiMapper.entitlements;
				CODE_SIGN_STYLE = Automatic;
				CURRENT_PROJECT_VERSION = 1;
				DEVELOPMENT_TEAM = L6JP27B8YR;
				GENERATE_INFOPLIST_FILE = YES;
				INFOPLIST_FILE = WikiMapper/Info.plist;
				INFOPLIST_KEY_CFBundleDisplayName = WikiMapper;
				INFOPLIST_KEY_ITSAppUsesNonExemptEncryption = NO;
				INFOPLIST_KEY_LSApplicationCategoryType = "public.app-category.utilities";
				INFOPLIST_KEY_UIApplicationSupportsIndirectInputEvents = YES;
				INFOPLIST_KEY_UILaunchScreen_Generation = YES;
				INFOPLIST_KEY_UISupportedInterfaceOrientations = "UIInterfaceOrientationPortrait UIInterfaceOrientationLandscapeLeft UIInterfaceOrientationLandscapeRight";
				INFOPLIST_KEY_UISupportedInterfaceOrientations_iPad = "UIInterfaceOrientationPortrait UIInterfaceOrientationPortraitUpsideDown UIInterfaceOrientationLandscapeLeft UIInterfaceOrientationLandscapeRight";
				IPHONEOS_DEPLOYMENT_TARGET = 18.0;
				LD_RUNPATH_SEARCH_PATHS = (
					"$(inherited)",
					"@executable_path/Frameworks",
				);
				MACOSX_DEPLOYMENT_TARGET = 15.0;
				MARKETING_VERSION = 1.0;
				OTHER_LDFLAGS = (
					"-framework",
					SafariServices,
					"-framework",
					WebKit,
				);
				PRODUCT_BUNDLE_IDENTIFIER = com.ptmccarthy.WikiMapper;
				PRODUCT_NAME = WikiMapper;
				REGISTER_APP_GROUPS = YES;
				SDKROOT = iphoneos;
				SUPPORTED_PLATFORMS = "iphoneos iphonesimulator macosx";
				SUPPORTS_MACCATALYST = NO;
				SUPPORTS_MAC_DESIGNED_FOR_IPHONE_IPAD = NO;
				SWIFT_EMIT_LOC_STRINGS = YES;
				TARGETED_DEVICE_FAMILY = "1,2";
			};
			name = Debug;
		};
		3814D1432E2B7CA200CCB9B3 /* Release */ = {
			isa = XCBuildConfiguration;
			buildSettings = {
				ASSETCATALOG_COMPILER_APPICON_NAME = AppIcon;
				ASSETCATALOG_COMPILER_GLOBAL_ACCENT_COLOR_NAME = AccentColor;
				CODE_SIGN_ENTITLEMENTS = WikiMapper/WikiMapper.entitlements;
				CODE_SIGN_STYLE = Automatic;
				CURRENT_PROJECT_VERSION = 1;
				DEVELOPMENT_TEAM = L6JP27B8YR;
				GENERATE_INFOPLIST_FILE = YES;
				INFOPLIST_FILE = WikiMapper/Info.plist;
				INFOPLIST_KEY_CFBundleDisplayName = WikiMapper;
				INFOPLIST_KEY_ITSAppUsesNonExemptEncryption = NO;
				INFOPLIST_KEY_LSApplicationCategoryType = "public.app-category.utilities";
				INFOPLIST_KEY_UIApplicationSupportsIndirectInputEvents = YES;
				INFOPLIST_KEY_UILaunchScreen_Generation = YES;
				INFOPLIST_KEY_UISupportedInterfaceOrientations = "UIInterfaceOrientationPortrait UIInterfaceOrientationLandscapeLeft UIInterfaceOrientationLandscapeRight";
				INFOPLIST_KEY_UISupportedInterfaceOrientations_iPad = "UIInterfaceOrientationPortrait UIInterfaceOrientationPortraitUpsideDown UIInterfaceOrientationLandscapeLeft UIInterfaceOrientationLandscapeRight";
				IPHONEOS_DEPLOYMENT_TARGET = 18.0;
				LD_RUNPATH_SEARCH_PATHS = (
					"$(inherited)",
					"@executable_path/Frameworks",
				);
				MACOSX_DEPLOYMENT_TARGET = 15.0;
				MARKETING_VERSION = 1.0;
				OTHER_LDFLAGS = (
					"-framework",
					SafariServices,
					"-framework",
					WebKit,
				);
				PRODUCT_BUNDLE_IDENTIFIER = com.ptmccarthy.WikiMapper;
				PRODUCT_NAME = WikiMapper;
				REGISTER_APP_GROUPS = YES;
				SDKROOT = iphoneos;
				SUPPORTED_PLATFORMS = "iphoneos iphonesimulator macosx";
				SUPPORTS_MACCATALYST = NO;
				SUPPORTS_MAC_DESIGNED_FOR_IPHONE_IPAD = NO;
				SWIFT_EMIT_LOC_STRINGS = YES;
				TARGETED_DEVICE_FAMILY = "1,2";
				VALIDATE_PRODUCT = YES;
			};
			name = Release;
		};
/* End XCBuildConfiguration section */

/* Begin XCConfigurationList section */
		3814D0ED2E2B7CA000CCB9B3 /* Build configuration list for PBXProject "WikiMapper" */ = {
			isa = XCConfigurationList;
			buildConfigurations = (
				3814D13B2E2B7CA200CCB9B3 /* Debug */,
				3814D13C2E2B7CA200CCB9B3 /* Release */,
			);
			defaultConfigurationIsVisible = 0;
			defaultConfigurationName = Release;
		};
		3814D13D2E2B7CA200CCB9B3 /* Build configuration list for PBXNativeTarget "WikiMapper Extension" */ = {
			isa = XCConfigurationList;
			buildConfigurations = (
				3814D13E2E2B7CA200CCB9B3 /* Debug */,
				3814D13F2E2B7CA200CCB9B3 /* Release */,
			);
			defaultConfigurationIsVisible = 0;
			defaultConfigurationName = Release;
		};
		3814D1412E2B7CA200CCB9B3 /* Build configuration list for PBXNativeTarget "WikiMapper" */ = {
			isa = XCConfigurationList;
			buildConfigurations = (
				3814D1422E2B7CA200CCB9B3 /* Debug */,
				3814D1432E2B7CA200CCB9B3 /* Release */,
			);
			defaultConfigurationIsVisible = 0;
			defaultConfigurationName = Release;
		};
/* End XCConfigurationList section */

/* Begin XCRemoteSwiftPackageReference section */
		38820ACC2E2D50FB0069D429 /* XCRemoteSwiftPackageReference "Grape" */ = {
			isa = XCRemoteSwiftPackageReference;
			repositoryURL = "https://github.com/swiftgraphs/Grape";
			requirement = {
				kind = upToNextMajorVersion;
				minimumVersion = 1.1.0;
			};
		};
/* End XCRemoteSwiftPackageReference section */

/* Begin XCSwiftPackageProductDependency section */
		38820ACD2E2D50FB0069D429 /* Grape */ = {
			isa = XCSwiftPackageProductDependency;
			package = 38820ACC2E2D50FB0069D429 /* XCRemoteSwiftPackageReference "Grape" */;
			productName = Grape;
		};
/* End XCSwiftPackageProductDependency section */
	};
	rootObject = 3814D0EA2E2B7CA000CCB9B3 /* Project object */;
}
